
Microsoft Visual Studio Solution File, Format Version 12.00
# Visual Studio Version 17
VisualStudioVersion = 17.9.34723.18
MinimumVisualStudioVersion = 10.0.40219.1
Project("{9A19103F-16F7-4668-BE54-9A1E7A4F7556}") = "Katorgowo", "Katorgowo\Katorgowo.csproj", "{48C07326-DAE7-4AE3-AAA9-E47E3562CA04}"
EndProject
Project("{9A19103F-16F7-4668-BE54-9A1E7A4F7556}") = "AppointmentCalendar", "AppointmentCalendar\AppointmentCalendar.csproj", "{316A4EDC-6D70-489C-9146-FA1F55C743A6}"
EndProject
Project("{9A19103F-16F7-4668-BE54-9A1E7A4F7556}") = "RecruitmentProcess", "RecruitmentProcess\RecruitmentProcess.csproj", "{52957DB3-6CB5-4FD2-B1D3-6CA0668BDE67}"
EndProject
Project("{9A19103F-16F7-4668-BE54-9A1E7A4F7556}") = "RabbitMQ", "RabbitMQ\RabbitMQ.csproj", "{A20570F6-7E12-4301-8DDF-B2CDDFD34671}"
EndProject
Project("{9A19103F-16F7-4668-BE54-9A1E7A4F7556}") = "Notifications", "Notifications\Notifications.csproj", "{0E8D4991-F21D-493E-9483-9246470BFE25}"
EndProject
Project("{9A19103F-16F7-4668-BE54-9A1E7A4F7556}") = "OfertyPracy", "OfertyPracy\OfertyPracy.csproj", "{30F0CC7F-0DB5-4C08-AD73-8FF56FDC62E3}"
EndProject
Global
	GlobalSection(SolutionConfigurationPlatforms) = preSolution
		Debug|Any CPU = Debug|Any CPU
		Release|Any CPU = Release|Any CPU
	EndGlobalSection
	GlobalSection(ProjectConfigurationPlatforms) = postSolution
		{48C07326-DAE7-4AE3-AAA9-E47E3562CA04}.Debug|Any CPU.ActiveCfg = Debug|Any CPU
		{48C07326-DAE7-4AE3-AAA9-E47E3562CA04}.Debug|Any CPU.Build.0 = Debug|Any CPU
		{48C07326-DAE7-4AE3-AAA9-E47E3562CA04}.Release|Any CPU.ActiveCfg = Release|Any CPU
		{48C07326-DAE7-4AE3-AAA9-E47E3562CA04}.Release|Any CPU.Build.0 = Release|Any CPU
		{316A4EDC-6D70-489C-9146-FA1F55C743A6}.Debug|Any CPU.ActiveCfg = Debug|Any CPU
		{316A4EDC-6D70-489C-9146-FA1F55C743A6}.Debug|Any CPU.Build.0 = Debug|Any CPU
		{316A4EDC-6D70-489C-9146-FA1F55C743A6}.Release|Any CPU.ActiveCfg = Release|Any CPU
		{316A4EDC-6D70-489C-9146-FA1F55C743A6}.Release|Any CPU.Build.0 = Release|Any CPU
		{52957DB3-6CB5-4FD2-B1D3-6CA0668BDE67}.Debug|Any CPU.ActiveCfg = Debug|Any CPU
		{52957DB3-6CB5-4FD2-B1D3-6CA0668BDE67}.Debug|Any CPU.Build.0 = Debug|Any CPU
		{52957DB3-6CB5-4FD2-B1D3-6CA0668BDE67}.Release|Any CPU.ActiveCfg = Release|Any CPU
		{52957DB3-6CB5-4FD2-B1D3-6CA0668BDE67}.Release|Any CPU.Build.0 = Release|Any CPU
		{A20570F6-7E12-4301-8DDF-B2CDDFD34671}.Debug|Any CPU.ActiveCfg = Debug|Any CPU
		{A20570F6-7E12-4301-8DDF-B2CDDFD34671}.Debug|Any CPU.Build.0 = Debug|Any CPU
		{A20570F6-7E12-4301-8DDF-B2CDDFD34671}.Release|Any CPU.ActiveCfg = Release|Any CPU
		{A20570F6-7E12-4301-8DDF-B2CDDFD34671}.Release|Any CPU.Build.0 = Release|Any CPU
		{0E8D4991-F21D-493E-9483-9246470BFE25}.Debug|Any CPU.ActiveCfg = Debug|Any CPU
		{0E8D4991-F21D-493E-9483-9246470BFE25}.Debug|Any CPU.Build.0 = Debug|Any CPU
		{0E8D4991-F21D-493E-9483-9246470BFE25}.Release|Any CPU.ActiveCfg = Release|Any CPU
		{0E8D4991-F21D-493E-9483-9246470BFE25}.Release|Any CPU.Build.0 = Release|Any CPU
		{30F0CC7F-0DB5-4C08-AD73-8FF56FDC62E3}.Debug|Any CPU.ActiveCfg = Debug|Any CPU
		{30F0CC7F-0DB5-4C08-AD73-8FF56FDC62E3}.Debug|Any CPU.Build.0 = Debug|Any CPU
		{30F0CC7F-0DB5-4C08-AD73-8FF56FDC62E3}.Release|Any CPU.ActiveCfg = Release|Any CPU
		{30F0CC7F-0DB5-4C08-AD73-8FF56FDC62E3}.Release|Any CPU.Build.0 = Release|Any CPU
	EndGlobalSection
	GlobalSection(SolutionProperties) = preSolution
		HideSolutionNode = FALSE
	EndGlobalSection
	GlobalSection(ExtensibilityGlobals) = postSolution
		SolutionGuid = {83C1CA94-C5A8-4B20-A2CA-1D7644E9E841}
	EndGlobalSection
EndGlobal
